github.com/jwijenbergh/purego v0.0.0-20251017112123-b71757b9ba42 h1:kQ0LX4ffJvtONhymro3HzrB8XUa6dIGgrbnkl38Rgl0=
github.com/jwijenbergh/purego v0.0.0-20251017112123-b71757b9ba42/go.mod h1:amE5lVGstyh2GTEIHFEbgJHmoMD0llIuapnzIlZx7Fc=
github.com/pojntfx/puregotk v0.0.0-20251118031351-5ab5a73e0a25 h1:fNKO+ZZw2fYglUYWgSbaUY9ozJ/x1aD7UX+RprBG/FU=
github.com/pojntfx/puregotk v0.0.0-20251118031351-5ab5a73e0a25/go.mod h1:mZu8qSvCSqtVL+xoiebZuicnJijwrLfGRs6/eTVgFlc=
github.com/pojntfx/senbara/senbara-gtk-go v0.0.0-20251011063231-959fe0be4948 h1:exFB43pwfU7mHJ2cypqlUOnNEKlOfLzc28UTDtRy81w=
github.com/pojntfx/senbara/senbara-gtk-go v0.0.0-20251011063231-959fe0be4948/go.mod h1:oVUBGYc9+Zbo3o2x5ScrwYF+dh1kOS9P388flxAraT4=
