github.com/jwijenbergh/purego v0.0.0-20250812133547-b5852df1402b h1:Dg66YlzjqLhOReaQb1a/Fhcm7zTYyrmiyAqSd6TLUVA=
github.com/jwijenbergh/purego v0.0.0-20250812133547-b5852df1402b/go.mod h1:amE5lVGstyh2GTEIHFEbgJHmoMD0llIuapnzIlZx7Fc=
github.com/pojntfx/puregotk v0.0.0-20251010035220-e37986fba065 h1:rWj/XCD9EiwUVjibeiZGpKLcGxwLilS6E6BS2LAouMw=
github.com/pojntfx/puregotk v0.0.0-20251010035220-e37986fba065/go.mod h1:9FUAoCJsQgot2Zt6tvy1ZrviyMe71bNhWhwo3z36XQY=
