github.com/jwijenbergh/purego v0.0.0-20250812133547-b5852df1402b h1:Dg66YlzjqLhOReaQb1a/Fhcm7zTYyrmiyAqSd6TLUVA=
github.com/jwijenbergh/purego v0.0.0-20250812133547-b5852df1402b/go.mod h1:amE5lVGstyh2GTEIHFEbgJHmoMD0llIuapnzIlZx7Fc=
github.com/pojntfx/puregotk v0.0.0-20251011060225-c87603a2de88 h1:CTePTUkBwoL1NIRUrPNx5DuSSRB/3ZG9kIKgC0v5vNQ=
