github.com/jwijenbergh/purego v0.0.0-20250812133547-b5852df1402b h1:Dg66YlzjqLhOReaQb1a/Fhcm7zTYyrmiyAqSd6TLUVA=
github.com/jwijenbergh/purego v0.0.0-20250812133547-b5852df1402b/go.mod h1:amE5lVGstyh2GTEIHFEbgJHmoMD0llIuapnzIlZx7Fc=
github.com/pojntfx/puregotk v0.0.0-20251004063801-242962164ebe h1:wmwSfgEPnSS2/FKmyZDEaQ6ZCobszFb7nB8qbv0Y4yY=
github.com/pojntfx/puregotk v0.0.0-20251004063801-242962164ebe/go.mod h1:9FUAoCJsQgot2Zt6tvy1ZrviyMe71bNhWhwo3z36XQY=
